{
  "nodes": {
    "home-manager": {
      "inputs": {
        "nixpkgs": [
          "nixpkgs"
        ]
      },
      "locked": {
        "lastModified": 1709204054,
        "narHash": "sha256-U1idK0JHs1XOfSI1APYuXi4AEADf+B+ZU4Wifc0pBHk=",
        "owner": "nix-community",
        "repo": "home-manager",
        "rev": "2f3367769a93b226c467551315e9e270c3f78b15",
        "type": "github"
      },
      "original": {
        "owner": "nix-community",
        "ref": "master",
        "repo": "home-manager",
        "type": "github"
      }
    },
    "nix-darwin": {
      "inputs": {
        "nixpkgs": [
          "nixpkgs"
        ]
      },
      "locked": {
        "lastModified": 1709270649,
        "narHash": "sha256-ox/QjE33yeC9ESx9viogCH8bWlB7Odkmp0mLy2PJD30=",
        "owner": "LnL7",
        "repo": "nix-darwin",
        "rev": "c2751db910d47a0f08e989fe1360897d90fc3961",
        "type": "github"
      },
      "original": {
        "owner": "LnL7",
        "repo": "nix-darwin",
        "type": "github"
      }
    },
    "nixpkgs": {
      "locked": {
        "lastModified": 1709230475,
        "narHash": "sha256-QI/0GiTvWxhBJ/bpredarfAUARnP6zE1vCOifsZ220A=",
        "owner": "NixOS",
        "repo": "nixpkgs",
        "rev": "b5f6e3881acf8ca8a35b8cdb8d4021e5bd469a4e",
        "type": "github"
      },
      "original": {
        "owner": "NixOS",
        "ref": "nixpkgs-unstable",
        "repo": "nixpkgs",
        "type": "github"
      }
    },
    "nixpkgs-stable": {
      "locked": {
        "lastModified": 1709218635,
        "narHash": "sha256-nytX/MkfqeTD4z7bMq4QRXcHxO9B3vRo9tM6fMtPFA8=",
        "owner": "NixOS",
        "repo": "nixpkgs",
        "rev": "068d4db604958d05d0b46c47f79b507d84dbc069",
        "type": "github"
      },
      "original": {
        "owner": "NixOS",
        "ref": "nixos-23.11",
        "repo": "nixpkgs",
        "type": "github"
      }
    },
    "root": {
      "inputs": {
        "home-manager": "home-manager",
        "nix-darwin": "nix-darwin",
        "nixpkgs": "nixpkgs",
        "nixpkgs-stable": "nixpkgs-stable",
        "sketchybar": "sketchybar"
      }
    },
    "sketchybar": {
      "flake": false,
      "locked": {
        "lastModified": 1707828657,
        "narHash": "sha256-FUhvbX5DwlwCFx6COQjj8ipOhhuua+VGde9N0M0PWs8=",
        "owner": "FelixKratz",
        "repo": "dotfiles",
        "rev": "7cef83fc577bb8853c01d6aae66fdc6625feb761",
        "type": "github"
      },
      "original": {
        "owner": "FelixKratz",
        "repo": "dotfiles",
        "type": "github"
      }
    }
  },
  "root": "root",
  "version": 7
}
